// !$*UTF8*$!
{
	archiveVersion = 1;
	classes = {
	};
	objectVersion = 54;
	objects = {

/* Begin PBXBuildFile section */
		00E356F31AD99517003FC87E /* ChessMelodiesTests.m in Sources */ = {isa = PBXBuildFile; fileRef = 00E356F21AD99517003FC87E /* ChessMelodiesTests.m */; };
		013200BC004B4AAEADDDB5A2 /* Muli-BoldItalic.ttf in Resources */ = {isa = PBXBuildFile; fileRef = 49F010F2C5AF427A9CB693C3 /* Muli-BoldItalic.ttf */; };
		03FD5FF463FB4E07BC21AF33 /* Dosis-ExtraLight.ttf in Resources */ = {isa = PBXBuildFile; fileRef = 369B216258DC4EFAB24031FE /* Dosis-ExtraLight.ttf */; };
		05C7C9F088724A9F8331D9DB /* Muli.ttf in Resources */ = {isa = PBXBuildFile; fileRef = 90508DE582714FF59BA7CFD1 /* Muli.ttf */; };
		13B07FBC1A68108700A75B9A /* AppDelegate.mm in Sources */ = {isa = PBXBuildFile; fileRef = 13B07FB01A68108700A75B9A /* AppDelegate.mm */; };
		13B07FBF1A68108700A75B9A /* Images.xcassets in Resources */ = {isa = PBXBuildFile; fileRef = 13B07FB51A68108700A75B9A /* Images.xcassets */; };
		13B07FC11A68108700A75B9A /* main.m in Sources */ = {isa = PBXBuildFile; fileRef = 13B07FB71A68108700A75B9A /* main.m */; };
		21BF716319844E86A0CB3C55 /* PlayfairDisplay-Medium.ttf in Resources */ = {isa = PBXBuildFile; fileRef = 20EE28A64EBA4808A0EE49ED /* PlayfairDisplay-Medium.ttf */; };
		28539379EF064391A897E97A /* Muli-Bold.ttf in Resources */ = {isa = PBXBuildFile; fileRef = 4D01E4CAAEB94641A68AFD5B /* Muli-Bold.ttf */; };
		2E4207FC351A48FCBA2C9338 /* Muli-Light.ttf in Resources */ = {isa = PBXBuildFile; fileRef = E1BBE6814EB7482E832407D3 /* Muli-Light.ttf */; };
		3D5F955781D24EEB887C4BE9 /* PlayfairDisplay-Bold.ttf in Resources */ = {isa = PBXBuildFile; fileRef = 09D530E01EB840C488D81C26 /* PlayfairDisplay-Bold.ttf */; };
		468EE6E4A67548C182A52682 /* Muli-SemiBold.ttf in Resources */ = {isa = PBXBuildFile; fileRef = EC8B766ACE714E0BB6F83182 /* Muli-SemiBold.ttf */; };
		487E20E9CCF24FDBBE8EE1D5 /* SIL Open Font License.txt in Resources */ = {isa = PBXBuildFile; fileRef = 77C44B5DCF794ACDAD802B8B /* SIL Open Font License.txt */; };
		4E1232F0EE1E4B2298968716 /* PlayfairDisplay-SemiBoldItalic.ttf in Resources */ = {isa = PBXBuildFile; fileRef = C9A8CA2F555E4D58AA5A3374 /* PlayfairDisplay-SemiBoldItalic.ttf */; };
		50A20BABF78546CBAD39DAB3 /* PlayfairDisplay-MediumItalic.ttf in Resources */ = {isa = PBXBuildFile; fileRef = B3BA99BCEB4942488A4F0CF1 /* PlayfairDisplay-MediumItalic.ttf */; };
		5B414C85F2D74134ADDF537E /* Muli-LightItalic.ttf in Resources */ = {isa = PBXBuildFile; fileRef = 815438B9C8C84995B7E8B583 /* Muli-LightItalic.ttf */; };
		6054EF0F69D64AE9B94C0352 /* PlayfairDisplay-BoldItalic.ttf in Resources */ = {isa = PBXBuildFile; fileRef = 4DF8B61515154D71B8267031 /* PlayfairDisplay-BoldItalic.ttf */; };
		714A363ED77341FB88CAA742 /* PlayfairDisplay-Black.ttf in Resources */ = {isa = PBXBuildFile; fileRef = 0B3F2B0815E646B7AD1175A0 /* PlayfairDisplay-Black.ttf */; };
		81AB9BB82411601600AC10FF /* LaunchScreen.storyboard in Resources */ = {isa = PBXBuildFile; fileRef = 81AB9BB72411601600AC10FF /* LaunchScreen.storyboard */; };
		847A918F888C4ECFA051DB07 /* Dosis-Medium.ttf in Resources */ = {isa = PBXBuildFile; fileRef = 1DF6A234114041E2ADEABFBC /* Dosis-Medium.ttf */; };
		85A35C5C512A46ACA48A668B /* Muli-ExtraLight.ttf in Resources */ = {isa = PBXBuildFile; fileRef = 4FB2063B90084DE9B23EB18D /* Muli-ExtraLight.ttf */; };
		8BB03E10A6EC9D8E9692F3BD /* libPods-ChessOpeningTrainer.a in Frameworks */ = {isa = PBXBuildFile; fileRef = F6A0FE5EB1BFA953C5C9B856 /* libPods-ChessOpeningTrainer.a */; };
		8CCF7D283F4843828AF0917C /* PlayfairDisplay-ExtraBold.ttf in Resources */ = {isa = PBXBuildFile; fileRef = 06548D2405D04171BA74374C /* PlayfairDisplay-ExtraBold.ttf */; };
		8EA237D0FC27423BAAAB3D71 /* muli.zip in Resources */ = {isa = PBXBuildFile; fileRef = 376A73BE24E648B2AFB0C331 /* muli.zip */; };
		947AFF8FCCFB4470BB8613BF /* PlayfairDisplay-BlackItalic.ttf in Resources */ = {isa = PBXBuildFile; fileRef = 0A3062FE8A1948AD884A3E0D /* PlayfairDisplay-BlackItalic.ttf */; };
		9591F10BDA50478CACCD3A20 /* Dosis-SemiBold.ttf in Resources */ = {isa = PBXBuildFile; fileRef = 10F3C8FA5E0946CA8B90A51E /* Dosis-SemiBold.ttf */; };
		AB1EA0A2557A4253943248C8 /* Muli-Semi-BoldItalic.ttf in Resources */ = {isa = PBXBuildFile; fileRef = 3C04F43DC5BF40F7B39661AF /* Muli-Semi-BoldItalic.ttf */; };
		AB9E2C0A11844D10B3E86823 /* Dosis-Bold.ttf in Resources */ = {isa = PBXBuildFile; fileRef = 6F81E2FE5ED6448DB5B8C968 /* Dosis-Bold.ttf */; };
		AE7649D5867441CCB64CBC90 /* PlayfairDisplay-Italic.ttf in Resources */ = {isa = PBXBuildFile; fileRef = 911B0B48B7E4450F9BDBFE34 /* PlayfairDisplay-Italic.ttf */; };
		BC74306249DE4BF3ACD47B11 /* Dosis-ExtraBold.ttf in Resources */ = {isa = PBXBuildFile; fileRef = A9898E1649A141019A25AC95 /* Dosis-ExtraBold.ttf */; };
		BDA80CFA8EAD4DC6B7E288A3 /* Muli-Italic.ttf in Resources */ = {isa = PBXBuildFile; fileRef = F7011338C64E4DC3A5DEF5F5 /* Muli-Italic.ttf */; };
		D1C7049631E14F31B1343735 /* Dosis-Light.ttf in Resources */ = {isa = PBXBuildFile; fileRef = F0CDFC8EB4504575965B9DCF /* Dosis-Light.ttf */; };
		D47765B1E5CA46E9A105BCC2 /* PlayfairDisplay-SemiBold.ttf in Resources */ = {isa = PBXBuildFile; fileRef = 703B20ED3CF04626A7A34775 /* PlayfairDisplay-SemiBold.ttf */; };
		DBC353A2E28D48FCB3CC654A /* Muli-ExtraLightItalic.ttf in Resources */ = {isa = PBXBuildFile; fileRef = 1B4A6BD8536442B78003C095 /* Muli-ExtraLightItalic.ttf */; };
		E2E0C354E674498F9E76E376 /* Dosis-Regular.ttf in Resources */ = {isa = PBXBuildFile; fileRef = 730B0E5339C746F699B2313B /* Dosis-Regular.ttf */; };
		F063875D80874C0CBC4E250D /* PlayfairDisplay-ExtraBoldItalic.ttf in Resources */ = {isa = PBXBuildFile; fileRef = 3D41D2284D5F43D6AF65265C /* PlayfairDisplay-ExtraBoldItalic.ttf */; };
		F1CC0BB063C14405881F82E9 /* PlayfairDisplay-Regular.ttf in Resources */ = {isa = PBXBuildFile; fileRef = D68C6954E3CE47E885E1EF67 /* PlayfairDisplay-Regular.ttf */; };
/* End PBXBuildFile section */

/* Begin PBXContainerItemProxy section */
		00E356F41AD99517003FC87E /* PBXContainerItemProxy */ = {
			isa = PBXContainerItemProxy;
			containerPortal = 83CBB9F71A601CBA00E9B192 /* Project object */;
			proxyType = 1;
			remoteGlobalIDString = 13B07F861A680F5B00A75B9A;
			remoteInfo = ChessMelodies;
		};
/* End PBXContainerItemProxy section */

/* Begin PBXFileReference section */
		00E356EE1AD99517003FC87E /* ChessOpeningTrainerTests.xctest */ = {isa = PBXFileReference; explicitFileType = wrapper.cfbundle; includeInIndex = 0; path = ChessOpeningTrainerTests.xctest; sourceTree = BUILT_PRODUCTS_DIR; };
		00E356F11AD99517003FC87E /* Info.plist */ = {isa = PBXFileReference; lastKnownFileType = text.plist.xml; path = Info.plist; sourceTree = "<group>"; };
		00E356F21AD99517003FC87E /* ChessMelodiesTests.m */ = {isa = PBXFileReference; lastKnownFileType = sourcecode.c.objc; path = ChessMelodiesTests.m; sourceTree = "<group>"; };
		06548D2405D04171BA74374C /* PlayfairDisplay-ExtraBold.ttf */ = {isa = PBXFileReference; explicitFileType = undefined; fileEncoding = undefined; includeInIndex = 0; lastKnownFileType = unknown; name = "PlayfairDisplay-ExtraBold.ttf"; path = "../assets/fonts/PlayfairDisplay-ExtraBold.ttf"; sourceTree = "<group>"; };
		09D530E01EB840C488D81C26 /* PlayfairDisplay-Bold.ttf */ = {isa = PBXFileReference; explicitFileType = undefined; fileEncoding = undefined; includeInIndex = 0; lastKnownFileType = unknown; name = "PlayfairDisplay-Bold.ttf"; path = "../assets/fonts/PlayfairDisplay-Bold.ttf"; sourceTree = "<group>"; };
		0A3062FE8A1948AD884A3E0D /* PlayfairDisplay-BlackItalic.ttf */ = {isa = PBXFileReference; explicitFileType = undefined; fileEncoding = undefined; includeInIndex = 0; lastKnownFileType = unknown; name = "PlayfairDisplay-BlackItalic.ttf"; path = "../assets/fonts/PlayfairDisplay-BlackItalic.ttf"; sourceTree = "<group>"; };
		0B3F2B0815E646B7AD1175A0 /* PlayfairDisplay-Black.ttf */ = {isa = PBXFileReference; explicitFileType = undefined; fileEncoding = undefined; includeInIndex = 0; lastKnownFileType = unknown; name = "PlayfairDisplay-Black.ttf"; path = "../assets/fonts/PlayfairDisplay-Black.ttf"; sourceTree = "<group>"; };
		10F3C8FA5E0946CA8B90A51E /* Dosis-SemiBold.ttf */ = {isa = PBXFileReference; explicitFileType = undefined; fileEncoding = undefined; includeInIndex = 0; lastKnownFileType = unknown; name = "Dosis-SemiBold.ttf"; path = "../assets/fonts/Dosis-SemiBold.ttf"; sourceTree = "<group>"; };
		13B07F961A680F5B00A75B9A /* ChessOpeningTrainer.app */ = {isa = PBXFileReference; explicitFileType = wrapper.application; includeInIndex = 0; path = ChessOpeningTrainer.app; sourceTree = BUILT_PRODUCTS_DIR; };
		13B07FAF1A68108700A75B9A /* AppDelegate.h */ = {isa = PBXFileReference; fileEncoding = 4; lastKnownFileType = sourcecode.c.h; name = AppDelegate.h; path = ChessMelodies/AppDelegate.h; sourceTree = "<group>"; };
		13B07FB01A68108700A75B9A /* AppDelegate.mm */ = {isa = PBXFileReference; fileEncoding = 4; lastKnownFileType = sourcecode.cpp.objcpp; name = AppDelegate.mm; path = ChessMelodies/AppDelegate.mm; sourceTree = "<group>"; };
		13B07FB51A68108700A75B9A /* Images.xcassets */ = {isa = PBXFileReference; lastKnownFileType = folder.assetcatalog; name = Images.xcassets; path = ChessMelodies/Images.xcassets; sourceTree = "<group>"; };
		13B07FB61A68108700A75B9A /* Info.plist */ = {isa = PBXFileReference; fileEncoding = 4; lastKnownFileType = text.plist.xml; name = Info.plist; path = ChessMelodies/Info.plist; sourceTree = "<group>"; };
		13B07FB71A68108700A75B9A /* main.m */ = {isa = PBXFileReference; fileEncoding = 4; lastKnownFileType = sourcecode.c.objc; name = main.m; path = ChessMelodies/main.m; sourceTree = "<group>"; };
		1B4A6BD8536442B78003C095 /* Muli-ExtraLightItalic.ttf */ = {isa = PBXFileReference; explicitFileType = undefined; fileEncoding = undefined; includeInIndex = 0; lastKnownFileType = unknown; name = "Muli-ExtraLightItalic.ttf"; path = "../assets/fonts/muli/Muli-ExtraLightItalic.ttf"; sourceTree = "<group>"; };
		1DF6A234114041E2ADEABFBC /* Dosis-Medium.ttf */ = {isa = PBXFileReference; explicitFileType = undefined; fileEncoding = undefined; includeInIndex = 0; lastKnownFileType = unknown; name = "Dosis-Medium.ttf"; path = "../assets/fonts/Dosis-Medium.ttf"; sourceTree = "<group>"; };
		20EE28A64EBA4808A0EE49ED /* PlayfairDisplay-Medium.ttf */ = {isa = PBXFileReference; explicitFileType = undefined; fileEncoding = undefined; includeInIndex = 0; lastKnownFileType = unknown; name = "PlayfairDisplay-Medium.ttf"; path = "../assets/fonts/PlayfairDisplay-Medium.ttf"; sourceTree = "<group>"; };
		369B216258DC4EFAB24031FE /* Dosis-ExtraLight.ttf */ = {isa = PBXFileReference; explicitFileType = undefined; fileEncoding = undefined; includeInIndex = 0; lastKnownFileType = unknown; name = "Dosis-ExtraLight.ttf"; path = "../assets/fonts/Dosis-ExtraLight.ttf"; sourceTree = "<group>"; };
		376A73BE24E648B2AFB0C331 /* muli.zip */ = {isa = PBXFileReference; explicitFileType = undefined; fileEncoding = undefined; includeInIndex = 0; lastKnownFileType = unknown; name = muli.zip; path = ../assets/fonts/muli.zip; sourceTree = "<group>"; };
		3B4392A12AC88292D35C810B /* Pods-ChessMelodies.debug.xcconfig */ = {isa = PBXFileReference; includeInIndex = 1; lastKnownFileType = text.xcconfig; name = "Pods-ChessMelodies.debug.xcconfig"; path = "Target Support Files/Pods-ChessMelodies/Pods-ChessMelodies.debug.xcconfig"; sourceTree = "<group>"; };
		3C04F43DC5BF40F7B39661AF /* Muli-Semi-BoldItalic.ttf */ = {isa = PBXFileReference; explicitFileType = undefined; fileEncoding = undefined; includeInIndex = 0; lastKnownFileType = unknown; name = "Muli-Semi-BoldItalic.ttf"; path = "../assets/fonts/muli/Muli-Semi-BoldItalic.ttf"; sourceTree = "<group>"; };
		3D41D2284D5F43D6AF65265C /* PlayfairDisplay-ExtraBoldItalic.ttf */ = {isa = PBXFileReference; explicitFileType = undefined; fileEncoding = undefined; includeInIndex = 0; lastKnownFileType = unknown; name = "PlayfairDisplay-ExtraBoldItalic.ttf"; path = "../assets/fonts/PlayfairDisplay-ExtraBoldItalic.ttf"; sourceTree = "<group>"; };
		49F010F2C5AF427A9CB693C3 /* Muli-BoldItalic.ttf */ = {isa = PBXFileReference; explicitFileType = undefined; fileEncoding = undefined; includeInIndex = 0; lastKnownFileType = unknown; name = "Muli-BoldItalic.ttf"; path = "../assets/fonts/muli/Muli-BoldItalic.ttf"; sourceTree = "<group>"; };
		4D01E4CAAEB94641A68AFD5B /* Muli-Bold.ttf */ = {isa = PBXFileReference; explicitFileType = undefined; fileEncoding = undefined; includeInIndex = 0; lastKnownFileType = unknown; name = "Muli-Bold.ttf"; path = "../assets/fonts/muli/Muli-Bold.ttf"; sourceTree = "<group>"; };
		4DF8B61515154D71B8267031 /* PlayfairDisplay-BoldItalic.ttf */ = {isa = PBXFileReference; explicitFileType = undefined; fileEncoding = undefined; includeInIndex = 0; lastKnownFileType = unknown; name = "PlayfairDisplay-BoldItalic.ttf"; path = "../assets/fonts/PlayfairDisplay-BoldItalic.ttf"; sourceTree = "<group>"; };
		4FB2063B90084DE9B23EB18D /* Muli-ExtraLight.ttf */ = {isa = PBXFileReference; explicitFileType = undefined; fileEncoding = undefined; includeInIndex = 0; lastKnownFileType = unknown; name = "Muli-ExtraLight.ttf"; path = "../assets/fonts/Muli-ExtraLight.ttf"; sourceTree = "<group>"; };
		5709B34CF0A7D63546082F79 /* Pods-ChessMelodies.release.xcconfig */ = {isa = PBXFileReference; includeInIndex = 1; lastKnownFileType = text.xcconfig; name = "Pods-ChessMelodies.release.xcconfig"; path = "Target Support Files/Pods-ChessMelodies/Pods-ChessMelodies.release.xcconfig"; sourceTree = "<group>"; };
		6F81E2FE5ED6448DB5B8C968 /* Dosis-Bold.ttf */ = {isa = PBXFileReference; explicitFileType = undefined; fileEncoding = undefined; includeInIndex = 0; lastKnownFileType = unknown; name = "Dosis-Bold.ttf"; path = "../assets/fonts/Dosis-Bold.ttf"; sourceTree = "<group>"; };
		703B20ED3CF04626A7A34775 /* PlayfairDisplay-SemiBold.ttf */ = {isa = PBXFileReference; explicitFileType = undefined; fileEncoding = undefined; includeInIndex = 0; lastKnownFileType = unknown; name = "PlayfairDisplay-SemiBold.ttf"; path = "../assets/fonts/PlayfairDisplay-SemiBold.ttf"; sourceTree = "<group>"; };
		730B0E5339C746F699B2313B /* Dosis-Regular.ttf */ = {isa = PBXFileReference; explicitFileType = undefined; fileEncoding = undefined; includeInIndex = 0; lastKnownFileType = unknown; name = "Dosis-Regular.ttf"; path = "../assets/fonts/Dosis-Regular.ttf"; sourceTree = "<group>"; };
		77C44B5DCF794ACDAD802B8B /* SIL Open Font License.txt */ = {isa = PBXFileReference; explicitFileType = undefined; fileEncoding = undefined; includeInIndex = 0; lastKnownFileType = unknown; name = "SIL Open Font License.txt"; path = "../assets/fonts/muli/SIL Open Font License.txt"; sourceTree = "<group>"; };
		815438B9C8C84995B7E8B583 /* Muli-LightItalic.ttf */ = {isa = PBXFileReference; explicitFileType = undefined; fileEncoding = undefined; includeInIndex = 0; lastKnownFileType = unknown; name = "Muli-LightItalic.ttf"; path = "../assets/fonts/muli/Muli-LightItalic.ttf"; sourceTree = "<group>"; };
		81AB9BB72411601600AC10FF /* LaunchScreen.storyboard */ = {isa = PBXFileReference; fileEncoding = 4; lastKnownFileType = file.storyboard; name = LaunchScreen.storyboard; path = ChessMelodies/LaunchScreen.storyboard; sourceTree = "<group>"; };
		856129A5286143D84EA936C2 /* Pods-ChessOpeningTrainer.debug.xcconfig */ = {isa = PBXFileReference; includeInIndex = 1; lastKnownFileType = text.xcconfig; name = "Pods-ChessOpeningTrainer.debug.xcconfig"; path = "Target Support Files/Pods-ChessOpeningTrainer/Pods-ChessOpeningTrainer.debug.xcconfig"; sourceTree = "<group>"; };
		90508DE582714FF59BA7CFD1 /* Muli.ttf */ = {isa = PBXFileReference; explicitFileType = undefined; fileEncoding = undefined; includeInIndex = 0; lastKnownFileType = unknown; name = Muli.ttf; path = ../assets/fonts/muli/Muli.ttf; sourceTree = "<group>"; };
		911B0B48B7E4450F9BDBFE34 /* PlayfairDisplay-Italic.ttf */ = {isa = PBXFileReference; explicitFileType = undefined; fileEncoding = undefined; includeInIndex = 0; lastKnownFileType = unknown; name = "PlayfairDisplay-Italic.ttf"; path = "../assets/fonts/PlayfairDisplay-Italic.ttf"; sourceTree = "<group>"; };
		A9898E1649A141019A25AC95 /* Dosis-ExtraBold.ttf */ = {isa = PBXFileReference; explicitFileType = undefined; fileEncoding = undefined; includeInIndex = 0; lastKnownFileType = unknown; name = "Dosis-ExtraBold.ttf"; path = "../assets/fonts/Dosis-ExtraBold.ttf"; sourceTree = "<group>"; };
		B3BA99BCEB4942488A4F0CF1 /* PlayfairDisplay-MediumItalic.ttf */ = {isa = PBXFileReference; explicitFileType = undefined; fileEncoding = undefined; includeInIndex = 0; lastKnownFileType = unknown; name = "PlayfairDisplay-MediumItalic.ttf"; path = "../assets/fonts/PlayfairDisplay-MediumItalic.ttf"; sourceTree = "<group>"; };
		C9A8CA2F555E4D58AA5A3374 /* PlayfairDisplay-SemiBoldItalic.ttf */ = {isa = PBXFileReference; explicitFileType = undefined; fileEncoding = undefined; includeInIndex = 0; lastKnownFileType = unknown; name = "PlayfairDisplay-SemiBoldItalic.ttf"; path = "../assets/fonts/PlayfairDisplay-SemiBoldItalic.ttf"; sourceTree = "<group>"; };
		D68C6954E3CE47E885E1EF67 /* PlayfairDisplay-Regular.ttf */ = {isa = PBXFileReference; explicitFileType = undefined; fileEncoding = undefined; includeInIndex = 0; lastKnownFileType = unknown; name = "PlayfairDisplay-Regular.ttf"; path = "../assets/fonts/PlayfairDisplay-Regular.ttf"; sourceTree = "<group>"; };
		E1BBE6814EB7482E832407D3 /* Muli-Light.ttf */ = {isa = PBXFileReference; explicitFileType = undefined; fileEncoding = undefined; includeInIndex = 0; lastKnownFileType = unknown; name = "Muli-Light.ttf"; path = "../assets/fonts/muli/Muli-Light.ttf"; sourceTree = "<group>"; };
		EC8B766ACE714E0BB6F83182 /* Muli-SemiBold.ttf */ = {isa = PBXFileReference; explicitFileType = undefined; fileEncoding = undefined; includeInIndex = 0; lastKnownFileType = unknown; name = "Muli-SemiBold.ttf"; path = "../assets/fonts/muli/Muli-SemiBold.ttf"; sourceTree = "<group>"; };
		ED297162215061F000B7C4FE /* JavaScriptCore.framework */ = {isa = PBXFileReference; lastKnownFileType = wrapper.framework; name = JavaScriptCore.framework; path = System/Library/Frameworks/JavaScriptCore.framework; sourceTree = SDKROOT; };
		F0CDFC8EB4504575965B9DCF /* Dosis-Light.ttf */ = {isa = PBXFileReference; explicitFileType = undefined; fileEncoding = undefined; includeInIndex = 0; lastKnownFileType = unknown; name = "Dosis-Light.ttf"; path = "../assets/fonts/Dosis-Light.ttf"; sourceTree = "<group>"; };
		F6A0FE5EB1BFA953C5C9B856 /* libPods-ChessOpeningTrainer.a */ = {isa = PBXFileReference; explicitFileType = archive.ar; includeInIndex = 0; path = "libPods-ChessOpeningTrainer.a"; sourceTree = BUILT_PRODUCTS_DIR; };
		F7011338C64E4DC3A5DEF5F5 /* Muli-Italic.ttf */ = {isa = PBXFileReference; explicitFileType = undefined; fileEncoding = undefined; includeInIndex = 0; lastKnownFileType = unknown; name = "Muli-Italic.ttf"; path = "../assets/fonts/muli/Muli-Italic.ttf"; sourceTree = "<group>"; };
		FC067ED5D0CB90AEAC5174A0 /* Pods-ChessOpeningTrainer.release.xcconfig */ = {isa = PBXFileReference; includeInIndex = 1; lastKnownFileType = text.xcconfig; name = "Pods-ChessOpeningTrainer.release.xcconfig"; path = "Target Support Files/Pods-ChessOpeningTrainer/Pods-ChessOpeningTrainer.release.xcconfig"; sourceTree = "<group>"; };
/* End PBXFileReference section */

/* Begin PBXFrameworksBuildPhase section */
		00E356EB1AD99517003FC87E /* Frameworks */ = {
			isa = PBXFrameworksBuildPhase;
			buildActionMask = 2147483647;
			files = (
			);
			runOnlyForDeploymentPostprocessing = 0;
		};
		13B07F8C1A680F5B00A75B9A /* Frameworks */ = {
			isa = PBXFrameworksBuildPhase;
			buildActionMask = 2147483647;
			files = (
				8BB03E10A6EC9D8E9692F3BD /* libPods-ChessOpeningTrainer.a in Frameworks */,
			);
			runOnlyForDeploymentPostprocessing = 0;
		};
/* End PBXFrameworksBuildPhase section */

/* Begin PBXGroup section */
		00E356EF1AD99517003FC87E /* ChessMelodiesTests */ = {
			isa = PBXGroup;
			children = (
				00E356F21AD99517003FC87E /* ChessMelodiesTests.m */,
				00E356F01AD99517003FC87E /* Supporting Files */,
			);
			path = ChessMelodiesTests;
			sourceTree = "<group>";
		};
		00E356F01AD99517003FC87E /* Supporting Files */ = {
			isa = PBXGroup;
			children = (
				00E356F11AD99517003FC87E /* Info.plist */,
			);
			name = "Supporting Files";
			sourceTree = "<group>";
		};
		13B07FAE1A68108700A75B9A /* ChessOpeningTrainer */ = {
			isa = PBXGroup;
			children = (
				13B07FAF1A68108700A75B9A /* AppDelegate.h */,
				13B07FB01A68108700A75B9A /* AppDelegate.mm */,
				13B07FB51A68108700A75B9A /* Images.xcassets */,
				13B07FB61A68108700A75B9A /* Info.plist */,
				81AB9BB72411601600AC10FF /* LaunchScreen.storyboard */,
				13B07FB71A68108700A75B9A /* main.m */,
			);
			name = ChessOpeningTrainer;
			sourceTree = "<group>";
		};
		2D16E6871FA4F8E400B85C8A /* Frameworks */ = {
			isa = PBXGroup;
			children = (
				ED297162215061F000B7C4FE /* JavaScriptCore.framework */,
				F6A0FE5EB1BFA953C5C9B856 /* libPods-ChessOpeningTrainer.a */,
			);
			name = Frameworks;
			sourceTree = "<group>";
		};
		832341AE1AAA6A7D00B99B32 /* Libraries */ = {
			isa = PBXGroup;
			children = (
			);
			name = Libraries;
			sourceTree = "<group>";
		};
		83CBB9F61A601CBA00E9B192 = {
			isa = PBXGroup;
			children = (
				13B07FAE1A68108700A75B9A /* ChessOpeningTrainer */,
				832341AE1AAA6A7D00B99B32 /* Libraries */,
				00E356EF1AD99517003FC87E /* ChessMelodiesTests */,
				83CBBA001A601CBA00E9B192 /* Products */,
				2D16E6871FA4F8E400B85C8A /* Frameworks */,
				BBD78D7AC51CEA395F1C20DB /* Pods */,
				DDD6DDA86B374231BE9FFF62 /* Resources */,
			);
			indentWidth = 2;
			sourceTree = "<group>";
			tabWidth = 2;
			usesTabs = 0;
		};
		83CBBA001A601CBA00E9B192 /* Products */ = {
			isa = PBXGroup;
			children = (
				13B07F961A680F5B00A75B9A /* ChessOpeningTrainer.app */,
				00E356EE1AD99517003FC87E /* ChessOpeningTrainerTests.xctest */,
			);
			name = Products;
			sourceTree = "<group>";
		};
		BBD78D7AC51CEA395F1C20DB /* Pods */ = {
			isa = PBXGroup;
			children = (
				3B4392A12AC88292D35C810B /* Pods-ChessMelodies.debug.xcconfig */,
				5709B34CF0A7D63546082F79 /* Pods-ChessMelodies.release.xcconfig */,
				856129A5286143D84EA936C2 /* Pods-ChessOpeningTrainer.debug.xcconfig */,
				FC067ED5D0CB90AEAC5174A0 /* Pods-ChessOpeningTrainer.release.xcconfig */,
			);
			path = Pods;
			sourceTree = "<group>";
		};
		DDD6DDA86B374231BE9FFF62 /* Resources */ = {
			isa = PBXGroup;
			children = (
				6F81E2FE5ED6448DB5B8C968 /* Dosis-Bold.ttf */,
				A9898E1649A141019A25AC95 /* Dosis-ExtraBold.ttf */,
				369B216258DC4EFAB24031FE /* Dosis-ExtraLight.ttf */,
				F0CDFC8EB4504575965B9DCF /* Dosis-Light.ttf */,
				1DF6A234114041E2ADEABFBC /* Dosis-Medium.ttf */,
				730B0E5339C746F699B2313B /* Dosis-Regular.ttf */,
				10F3C8FA5E0946CA8B90A51E /* Dosis-SemiBold.ttf */,
				0B3F2B0815E646B7AD1175A0 /* PlayfairDisplay-Black.ttf */,
				0A3062FE8A1948AD884A3E0D /* PlayfairDisplay-BlackItalic.ttf */,
				09D530E01EB840C488D81C26 /* PlayfairDisplay-Bold.ttf */,
				4DF8B61515154D71B8267031 /* PlayfairDisplay-BoldItalic.ttf */,
				06548D2405D04171BA74374C /* PlayfairDisplay-ExtraBold.ttf */,
				3D41D2284D5F43D6AF65265C /* PlayfairDisplay-ExtraBoldItalic.ttf */,
				911B0B48B7E4450F9BDBFE34 /* PlayfairDisplay-Italic.ttf */,
				20EE28A64EBA4808A0EE49ED /* PlayfairDisplay-Medium.ttf */,
				B3BA99BCEB4942488A4F0CF1 /* PlayfairDisplay-MediumItalic.ttf */,
				D68C6954E3CE47E885E1EF67 /* PlayfairDisplay-Regular.ttf */,
				703B20ED3CF04626A7A34775 /* PlayfairDisplay-SemiBold.ttf */,
				C9A8CA2F555E4D58AA5A3374 /* PlayfairDisplay-SemiBoldItalic.ttf */,
				4FB2063B90084DE9B23EB18D /* Muli-ExtraLight.ttf */,
				4D01E4CAAEB94641A68AFD5B /* Muli-Bold.ttf */,
				49F010F2C5AF427A9CB693C3 /* Muli-BoldItalic.ttf */,
				1B4A6BD8536442B78003C095 /* Muli-ExtraLightItalic.ttf */,
				F7011338C64E4DC3A5DEF5F5 /* Muli-Italic.ttf */,
				E1BBE6814EB7482E832407D3 /* Muli-Light.ttf */,
				815438B9C8C84995B7E8B583 /* Muli-LightItalic.ttf */,
				3C04F43DC5BF40F7B39661AF /* Muli-Semi-BoldItalic.ttf */,
				EC8B766ACE714E0BB6F83182 /* Muli-SemiBold.ttf */,
				90508DE582714FF59BA7CFD1 /* Muli.ttf */,
				77C44B5DCF794ACDAD802B8B /* SIL Open Font License.txt */,
				376A73BE24E648B2AFB0C331 /* muli.zip */,
			);
			name = Resources;
			path = "";
			sourceTree = "<group>";
		};
/* End PBXGroup section */

/* Begin PBXNativeTarget section */
		00E356ED1AD99517003FC87E /* ChessOpeningTrainerTests */ = {
			isa = PBXNativeTarget;
			buildConfigurationList = 00E357021AD99517003FC87E /* Build configuration list for PBXNativeTarget "ChessOpeningTrainerTests" */;
			buildPhases = (
				00E356EA1AD99517003FC87E /* Sources */,
				00E356EB1AD99517003FC87E /* Frameworks */,
				00E356EC1AD99517003FC87E /* Resources */,
			);
			buildRules = (
			);
			dependencies = (
				00E356F51AD99517003FC87E /* PBXTargetDependency */,
			);
			name = ChessOpeningTrainerTests;
			productName = ChessMelodiesTests;
			productReference = 00E356EE1AD99517003FC87E /* ChessOpeningTrainerTests.xctest */;
			productType = "com.apple.product-type.bundle.unit-test";
		};
		13B07F861A680F5B00A75B9A /* ChessOpeningTrainer */ = {
			isa = PBXNativeTarget;
			buildConfigurationList = 13B07F931A680F5B00A75B9A /* Build configuration list for PBXNativeTarget "ChessOpeningTrainer" */;
			buildPhases = (
				C38B50BA6285516D6DCD4F65 /* [CP] Check Pods Manifest.lock */,
				13B07F871A680F5B00A75B9A /* Sources */,
				13B07F8C1A680F5B00A75B9A /* Frameworks */,
				13B07F8E1A680F5B00A75B9A /* Resources */,
				00DD1BFF1BD5951E006B06BC /* Bundle React Native code and images */,
				00EEFC60759A1932668264C0 /* [CP] Embed Pods Frameworks */,
				E235C05ADACE081382539298 /* [CP] Copy Pods Resources */,
			);
			buildRules = (
			);
			dependencies = (
			);
			name = ChessOpeningTrainer;
			productName = ChessMelodies;
			productReference = 13B07F961A680F5B00A75B9A /* ChessOpeningTrainer.app */;
			productType = "com.apple.product-type.application";
		};
/* End PBXNativeTarget section */

/* Begin PBXProject section */
		83CBB9F71A601CBA00E9B192 /* Project object */ = {
			isa = PBXProject;
			attributes = {
				LastUpgradeCheck = 1210;
				TargetAttributes = {
					00E356ED1AD99517003FC87E = {
						CreatedOnToolsVersion = 6.2;
						TestTargetID = 13B07F861A680F5B00A75B9A;
					};
					13B07F861A680F5B00A75B9A = {
						LastSwiftMigration = 1120;
					};
				};
			};
			buildConfigurationList = 83CBB9FA1A601CBA00E9B192 /* Build configuration list for PBXProject "ChessOpeningTrainer" */;
			compatibilityVersion = "Xcode 12.0";
			developmentRegion = en;
			hasScannedForEncodings = 0;
			knownRegions = (
				en,
				Base,
			);
			mainGroup = 83CBB9F61A601CBA00E9B192;
			productRefGroup = 83CBBA001A601CBA00E9B192 /* Products */;
			projectDirPath = "";
			projectRoot = "";
			targets = (
				13B07F861A680F5B00A75B9A /* ChessOpeningTrainer */,
				00E356ED1AD99517003FC87E /* ChessOpeningTrainerTests */,
			);
		};
/* End PBXProject section */

/* Begin PBXResourcesBuildPhase section */
		00E356EC1AD99517003FC87E /* Resources */ = {
			isa = PBXResourcesBuildPhase;
			buildActionMask = 2147483647;
			files = (
			);
			runOnlyForDeploymentPostprocessing = 0;
		};
		13B07F8E1A680F5B00A75B9A /* Resources */ = {
			isa = PBXResourcesBuildPhase;
			buildActionMask = 2147483647;
			files = (
				81AB9BB82411601600AC10FF /* LaunchScreen.storyboard in Resources */,
				13B07FBF1A68108700A75B9A /* Images.xcassets in Resources */,
				AB9E2C0A11844D10B3E86823 /* Dosis-Bold.ttf in Resources */,
				BC74306249DE4BF3ACD47B11 /* Dosis-ExtraBold.ttf in Resources */,
				03FD5FF463FB4E07BC21AF33 /* Dosis-ExtraLight.ttf in Resources */,
				D1C7049631E14F31B1343735 /* Dosis-Light.ttf in Resources */,
				847A918F888C4ECFA051DB07 /* Dosis-Medium.ttf in Resources */,
				E2E0C354E674498F9E76E376 /* Dosis-Regular.ttf in Resources */,
				9591F10BDA50478CACCD3A20 /* Dosis-SemiBold.ttf in Resources */,
				714A363ED77341FB88CAA742 /* PlayfairDisplay-Black.ttf in Resources */,
				947AFF8FCCFB4470BB8613BF /* PlayfairDisplay-BlackItalic.ttf in Resources */,
				3D5F955781D24EEB887C4BE9 /* PlayfairDisplay-Bold.ttf in Resources */,
				6054EF0F69D64AE9B94C0352 /* PlayfairDisplay-BoldItalic.ttf in Resources */,
				8CCF7D283F4843828AF0917C /* PlayfairDisplay-ExtraBold.ttf in Resources */,
				F063875D80874C0CBC4E250D /* PlayfairDisplay-ExtraBoldItalic.ttf in Resources */,
				AE7649D5867441CCB64CBC90 /* PlayfairDisplay-Italic.ttf in Resources */,
				21BF716319844E86A0CB3C55 /* PlayfairDisplay-Medium.ttf in Resources */,
				50A20BABF78546CBAD39DAB3 /* PlayfairDisplay-MediumItalic.ttf in Resources */,
				F1CC0BB063C14405881F82E9 /* PlayfairDisplay-Regular.ttf in Resources */,
				D47765B1E5CA46E9A105BCC2 /* PlayfairDisplay-SemiBold.ttf in Resources */,
				4E1232F0EE1E4B2298968716 /* PlayfairDisplay-SemiBoldItalic.ttf in Resources */,
				85A35C5C512A46ACA48A668B /* Muli-ExtraLight.ttf in Resources */,
				28539379EF064391A897E97A /* Muli-Bold.ttf in Resources */,
				013200BC004B4AAEADDDB5A2 /* Muli-BoldItalic.ttf in Resources */,
				DBC353A2E28D48FCB3CC654A /* Muli-ExtraLightItalic.ttf in Resources */,
				BDA80CFA8EAD4DC6B7E288A3 /* Muli-Italic.ttf in Resources */,
				2E4207FC351A48FCBA2C9338 /* Muli-Light.ttf in Resources */,
				5B414C85F2D74134ADDF537E /* Muli-LightItalic.ttf in Resources */,
				AB1EA0A2557A4253943248C8 /* Muli-Semi-BoldItalic.ttf in Resources */,
				468EE6E4A67548C182A52682 /* Muli-SemiBold.ttf in Resources */,
				05C7C9F088724A9F8331D9DB /* Muli.ttf in Resources */,
				487E20E9CCF24FDBBE8EE1D5 /* SIL Open Font License.txt in Resources */,
				8EA237D0FC27423BAAAB3D71 /* muli.zip in Resources */,
			);
			runOnlyForDeploymentPostprocessing = 0;
		};
/* End PBXResourcesBuildPhase section */

/* Begin PBXShellScriptBuildPhase section */
		00DD1BFF1BD5951E006B06BC /* Bundle React Native code and images */ = {
			isa = PBXShellScriptBuildPhase;
			buildActionMask = 2147483647;
			files = (
			);
			inputPaths = (
				"$(SRCROOT)/.xcode.env.local",
				"$(SRCROOT)/.xcode.env",
			);
			name = "Bundle React Native code and images";
			outputPaths = (
			);
			runOnlyForDeploymentPostprocessing = 0;
			shellPath = /bin/sh;
			shellScript = "set -e\n\nWITH_ENVIRONMENT=\"../node_modules/react-native/scripts/xcode/with-environment.sh\"\nREACT_NATIVE_XCODE=\"../node_modules/react-native/scripts/react-native-xcode.sh\"\n\n/bin/sh -c \"$WITH_ENVIRONMENT $REACT_NATIVE_XCODE\"\n";
		};
		00EEFC60759A1932668264C0 /* [CP] Embed Pods Frameworks */ = {
			isa = PBXShellScriptBuildPhase;
			buildActionMask = 2147483647;
			files = (
			);
			inputFileListPaths = (
				"${PODS_ROOT}/Target Support Files/Pods-ChessOpeningTrainer/Pods-ChessOpeningTrainer-frameworks-${CONFIGURATION}-input-files.xcfilelist",
			);
			name = "[CP] Embed Pods Frameworks";
			outputFileListPaths = (
				"${PODS_ROOT}/Target Support Files/Pods-ChessOpeningTrainer/Pods-ChessOpeningTrainer-frameworks-${CONFIGURATION}-output-files.xcfilelist",
			);
			runOnlyForDeploymentPostprocessing = 0;
			shellPath = /bin/sh;
			shellScript = "\"${PODS_ROOT}/Target Support Files/Pods-ChessOpeningTrainer/Pods-ChessOpeningTrainer-frameworks.sh\"\n";
			showEnvVarsInLog = 0;
		};
		C38B50BA6285516D6DCD4F65 /* [CP] Check Pods Manifest.lock */ = {
			isa = PBXShellScriptBuildPhase;
			buildActionMask = 2147483647;
			files = (
			);
			inputFileListPaths = (
			);
			inputPaths = (
				"${PODS_PODFILE_DIR_PATH}/Podfile.lock",
				"${PODS_ROOT}/Manifest.lock",
			);
			name = "[CP] Check Pods Manifest.lock";
			outputFileListPaths = (
			);
			outputPaths = (
				"$(DERIVED_FILE_DIR)/Pods-ChessOpeningTrainer-checkManifestLockResult.txt",
			);
			runOnlyForDeploymentPostprocessing = 0;
			shellPath = /bin/sh;
			shellScript = "diff \"${PODS_PODFILE_DIR_PATH}/Podfile.lock\" \"${PODS_ROOT}/Manifest.lock\" > /dev/null\nif [ $? != 0 ] ; then\n    # print error to STDERR\n    echo \"error: The sandbox is not in sync with the Podfile.lock. Run 'pod install' or update your CocoaPods installation.\" >&2\n    exit 1\nfi\n# This output is used by Xcode 'outputs' to avoid re-running this script phase.\necho \"SUCCESS\" > \"${SCRIPT_OUTPUT_FILE_0}\"\n";
			showEnvVarsInLog = 0;
		};
		E235C05ADACE081382539298 /* [CP] Copy Pods Resources */ = {
			isa = PBXShellScriptBuildPhase;
			buildActionMask = 2147483647;
			files = (
			);
			inputFileListPaths = (
				"${PODS_ROOT}/Target Support Files/Pods-ChessOpeningTrainer/Pods-ChessOpeningTrainer-resources-${CONFIGURATION}-input-files.xcfilelist",
			);
			name = "[CP] Copy Pods Resources";
			outputFileListPaths = (
				"${PODS_ROOT}/Target Support Files/Pods-ChessOpeningTrainer/Pods-ChessOpeningTrainer-resources-${CONFIGURATION}-output-files.xcfilelist",
			);
			runOnlyForDeploymentPostprocessing = 0;
			shellPath = /bin/sh;
			shellScript = "\"${PODS_ROOT}/Target Support Files/Pods-ChessOpeningTrainer/Pods-ChessOpeningTrainer-resources.sh\"\n";
			showEnvVarsInLog = 0;
		};
/* End PBXShellScriptBuildPhase section */

/* Begin PBXSourcesBuildPhase section */
		00E356EA1AD99517003FC87E /* Sources */ = {
			isa = PBXSourcesBuildPhase;
			buildActionMask = 2147483647;
			files = (
				00E356F31AD99517003FC87E /* ChessMelodiesTests.m in Sources */,
			);
			runOnlyForDeploymentPostprocessing = 0;
		};
		13B07F871A680F5B00A75B9A /* Sources */ = {
			isa = PBXSourcesBuildPhase;
			buildActionMask = 2147483647;
			files = (
				13B07FBC1A68108700A75B9A /* AppDelegate.mm in Sources */,
				13B07FC11A68108700A75B9A /* main.m in Sources */,
			);
			runOnlyForDeploymentPostprocessing = 0;
		};
/* End PBXSourcesBuildPhase section */

/* Begin PBXTargetDependency section */
		00E356F51AD99517003FC87E /* PBXTargetDependency */ = {
			isa = PBXTargetDependency;
			target = 13B07F861A680F5B00A75B9A /* ChessOpeningTrainer */;
			targetProxy = 00E356F41AD99517003FC87E /* PBXContainerItemProxy */;
		};
/* End PBXTargetDependency section */

/* Begin XCBuildConfiguration section */
		00E356F61AD99517003FC87E /* Debug */ = {
			isa = XCBuildConfiguration;
			buildSettings = {
				BUNDLE_LOADER = "$(TEST_HOST)";
				GCC_PREPROCESSOR_DEFINITIONS = (
					"DEBUG=1",
					"$(inherited)",
				);
				INFOPLIST_FILE = ChessMelodiesTests/Info.plist;
				IPHONEOS_DEPLOYMENT_TARGET = 13.4;
				LD_RUNPATH_SEARCH_PATHS = (
					"$(inherited)",
					"@executable_path/Frameworks",
					"@loader_path/Frameworks",
				);
				OTHER_LDFLAGS = (
					"-ObjC",
					"-lc++",
					"$(inherited)",
				);
				PRODUCT_BUNDLE_IDENTIFIER = "org.reactjs.native.example.$(PRODUCT_NAME:rfc1034identifier)";
				PRODUCT_NAME = "$(TARGET_NAME)";
				TEST_HOST = "$(BUILT_PRODUCTS_DIR)/ChessOpeningTrainer.app/ChessOpeningTrainer";
			};
			name = Debug;
		};
		00E356F71AD99517003FC87E /* Release */ = {
			isa = XCBuildConfiguration;
			buildSettings = {
				BUNDLE_LOADER = "$(TEST_HOST)";
				COPY_PHASE_STRIP = NO;
				INFOPLIST_FILE = ChessMelodiesTests/Info.plist;
				IPHONEOS_DEPLOYMENT_TARGET = 13.4;
				LD_RUNPATH_SEARCH_PATHS = (
					"$(inherited)",
					"@executable_path/Frameworks",
					"@loader_path/Frameworks",
				);
				OTHER_LDFLAGS = (
					"-ObjC",
					"-lc++",
					"$(inherited)",
				);
				PRODUCT_BUNDLE_IDENTIFIER = "org.reactjs.native.example.$(PRODUCT_NAME:rfc1034identifier)";
				PRODUCT_NAME = "$(TARGET_NAME)";
				TEST_HOST = "$(BUILT_PRODUCTS_DIR)/ChessOpeningTrainer.app/ChessOpeningTrainer";
			};
			name = Release;
		};
		13B07F941A680F5B00A75B9A /* Debug */ = {
			isa = XCBuildConfiguration;
			baseConfigurationReference = 856129A5286143D84EA936C2 /* Pods-ChessOpeningTrainer.debug.xcconfig */;
			buildSettings = {
				ASSETCATALOG_COMPILER_APPICON_NAME = AppIcon;
				CLANG_ENABLE_MODULES = YES;
				CURRENT_PROJECT_VERSION = 1;
				DEVELOPMENT_TEAM = R9L8EN52MR;
				ENABLE_BITCODE = NO;
				INFOPLIST_FILE = ChessMelodies/Info.plist;
				LD_RUNPATH_SEARCH_PATHS = (
					"$(inherited)",
					"@executable_path/Frameworks",
				);
				MARKETING_VERSION = 0.6.0;
				OTHER_LDFLAGS = (
					"$(inherited)",
					"-ObjC",
					"-lc++",
				);
				PRODUCT_BUNDLE_IDENTIFIER = com.amblicity.chessopeningtrainer;
				PRODUCT_NAME = ChessOpeningTrainer;
				SWIFT_OPTIMIZATION_LEVEL = "-Onone";
				SWIFT_VERSION = 5.0;
				VERSIONING_SYSTEM = "apple-generic";
			};
			name = Debug;
		};
		13B07F951A680F5B00A75B9A /* Release */ = {
			isa = XCBuildConfiguration;
			baseConfigurationReference = FC067ED5D0CB90AEAC5174A0 /* Pods-ChessOpeningTrainer.release.xcconfig */;
			buildSettings = {
				ASSETCATALOG_COMPILER_APPICON_NAME = AppIcon;
				CLANG_ENABLE_MODULES = YES;
				CURRENT_PROJECT_VERSION = 1;
				DEVELOPMENT_TEAM = R9L8EN52MR;
				GCC_PREPROCESSOR_DEFINITIONS = (
					"$(inherited)",
					"DEBUG=0",
					"FB_SONARKIT_ENABLED=0",
					"PRODUCTION=1",
				);
				INFOPLIST_FILE = ChessMelodies/Info.plist;
				LD_RUNPATH_SEARCH_PATHS = (
					"$(inherited)",
					"@executable_path/Frameworks",
				);
				LIBRARY_SEARCH_PATHS = (
					"$(SDKROOT)/usr/lib/swift",
					"$(inherited)",
					"\"${PODS_CONFIGURATION_BUILD_DIR}/CocoaAsyncSocket\"",
					"\"${PODS_CONFIGURATION_BUILD_DIR}/DoubleConversion\"",
					"\"${PODS_CONFIGURATION_BUILD_DIR}/RCT-Folly\"",
					"\"${PODS_CONFIGURATION_BUILD_DIR}/RCTTypeSafety\"",
					"\"${PODS_CONFIGURATION_BUILD_DIR}/RNCAsyncStorage\"",
					"\"${PODS_CONFIGURATION_BUILD_DIR}/RNScreens\"",
					"\"${PODS_CONFIGURATION_BUILD_DIR}/RNSound\"",
					"\"${PODS_CONFIGURATION_BUILD_DIR}/React-Codegen\"",
					"\"${PODS_CONFIGURATION_BUILD_DIR}/React-Core\"",
					"\"${PODS_CONFIGURATION_BUILD_DIR}/React-CoreModules\"",
					"\"${PODS_CONFIGURATION_BUILD_DIR}/React-Fabric\"",
					"\"${PODS_CONFIGURATION_BUILD_DIR}/React-FabricImage\"",
					"\"${PODS_CONFIGURATION_BUILD_DIR}/React-ImageManager\"",
					"\"${PODS_CONFIGURATION_BUILD_DIR}/React-Mapbuffer\"",
					"\"${PODS_CONFIGURATION_BUILD_DIR}/React-NativeModulesApple\"",
					"\"${PODS_CONFIGURATION_BUILD_DIR}/React-RCTAnimation\"",
					"\"${PODS_CONFIGURATION_BUILD_DIR}/React-RCTAppDelegate\"",
					"\"${PODS_CONFIGURATION_BUILD_DIR}/React-RCTBlob\"",
					"\"${PODS_CONFIGURATION_BUILD_DIR}/React-RCTFabric\"",
					"\"${PODS_CONFIGURATION_BUILD_DIR}/React-RCTImage\"",
					"\"${PODS_CONFIGURATION_BUILD_DIR}/React-RCTLinking\"",
					"\"${PODS_CONFIGURATION_BUILD_DIR}/React-RCTNetwork\"",
					"\"${PODS_CONFIGURATION_BUILD_DIR}/React-RCTSettings\"",
					"\"${PODS_CONFIGURATION_BUILD_DIR}/React-RCTText\"",
					"\"${PODS_CONFIGURATION_BUILD_DIR}/React-RCTVibration\"",
					"\"${PODS_CONFIGURATION_BUILD_DIR}/React-cxxreact\"",
					"\"${PODS_CONFIGURATION_BUILD_DIR}/React-debug\"",
					"\"${PODS_CONFIGURATION_BUILD_DIR}/React-graphics\"",
					"\"${PODS_CONFIGURATION_BUILD_DIR}/React-hermes\"",
					"\"${PODS_CONFIGURATION_BUILD_DIR}/React-jserrorhandler\"",
					"\"${PODS_CONFIGURATION_BUILD_DIR}/React-jsi\"",
					"\"${PODS_CONFIGURATION_BUILD_DIR}/React-jsiexecutor\"",
					"\"${PODS_CONFIGURATION_BUILD_DIR}/React-jsinspector\"",
					"\"${PODS_CONFIGURATION_BUILD_DIR}/React-logger\"",
					"\"${PODS_CONFIGURATION_BUILD_DIR}/React-nativeconfig\"",
					"\"${PODS_CONFIGURATION_BUILD_DIR}/React-perflogger\"",
					"\"${PODS_CONFIGURATION_BUILD_DIR}/React-rendererdebug\"",
					"\"${PODS_CONFIGURATION_BUILD_DIR}/React-runtimescheduler\"",
					"\"${PODS_CONFIGURATION_BUILD_DIR}/React-utils\"",
					"\"${PODS_CONFIGURATION_BUILD_DIR}/ReactCommon\"",
					"\"${PODS_CONFIGURATION_BUILD_DIR}/SocketRocket\"",
					"\"${PODS_CONFIGURATION_BUILD_DIR}/Yoga\"",
					"\"${PODS_CONFIGURATION_BUILD_DIR}/fmt\"",
					"\"${PODS_CONFIGURATION_BUILD_DIR}/glog\"",
					"\"${PODS_CONFIGURATION_BUILD_DIR}/libevent\"",
					"\"${PODS_CONFIGURATION_BUILD_DIR}/react-native-blur\"",
					"\"${PODS_CONFIGURATION_BUILD_DIR}/react-native-flipper\"",
					"\"${PODS_CONFIGURATION_BUILD_DIR}/react-native-safe-area-context\"",
				);
				MARKETING_VERSION = 0.6.0;
				OTHER_CFLAGS = (
					"$(inherited)",
					"-fmodule-map-file=\"${PODS_ROOT}/Headers/Public/RCTFabric/React-RCTFabric.modulemap\"",
					"-fmodule-map-file=\"${PODS_ROOT}/Headers/Public/RCTTypeSafety/RCTTypeSafety.modulemap\"",
					"-fmodule-map-file=\"${PODS_ROOT}/Headers/Public/React/React-Core.modulemap\"",
					"-fmodule-map-file=\"${PODS_ROOT}/Headers/Public/ReactCommon/ReactCommon.modulemap\"",
					"-fmodule-map-file=\"${PODS_ROOT}/Headers/Public/React_Codegen/React-Codegen.modulemap\"",
					"-fmodule-map-file=\"${PODS_ROOT}/Headers/Public/React_Fabric/React-Fabric.modulemap\"",
					"-fmodule-map-file=\"${PODS_ROOT}/Headers/Public/React_NativeModulesApple/React-NativeModulesApple.modulemap\"",
					"-fmodule-map-file=\"${PODS_ROOT}/Headers/Public/React_RCTAppDelegate/React-RCTAppDelegate.modulemap\"",
					"-fmodule-map-file=\"${PODS_ROOT}/Headers/Public/folly/RCT-Folly.modulemap\"",
					"-fmodule-map-file=\"${PODS_ROOT}/Headers/Public/glog/glog.modulemap\"",
					"-fmodule-map-file=\"${PODS_ROOT}/Headers/Public/jsi/React-jsi.modulemap\"",
					"-fmodule-map-file=\"${PODS_ROOT}/Headers/Public/react_debug/React-debug.modulemap\"",
					"-fmodule-map-file=\"${PODS_ROOT}/Headers/Public/react_renderer_debug/React-rendererdebug.modulemap\"",
					"-fmodule-map-file=\"${PODS_ROOT}/Headers/Public/react_renderer_graphics/React-graphics.modulemap\"",
					"-fmodule-map-file=\"${PODS_ROOT}/Headers/Public/react_renderer_imagemanager/React-ImageManager.modulemap\"",
					"-fmodule-map-file=\"${PODS_ROOT}/Headers/Public/react_utils/React-utils.modulemap\"",
					"-fmodule-map-file=\"${PODS_ROOT}/Headers/Public/yoga/Yoga.modulemap\"",
				);
				OTHER_LDFLAGS = (
					"$(inherited)",
					"-ObjC",
					"-lc++",
				);
				PRODUCT_BUNDLE_IDENTIFIER = com.amblicity.chessopeningtrainer;
				PRODUCT_NAME = ChessOpeningTrainer;
				SWIFT_VERSION = 5.0;
				VERSIONING_SYSTEM = "apple-generic";
			};
			name = Release;
		};
		83CBBA201A601CBA00E9B192 /* Debug */ = {
			isa = XCBuildConfiguration;
			buildSettings = {
				ALWAYS_SEARCH_USER_PATHS = NO;
				CLANG_ANALYZER_LOCALIZABILITY_NONLOCALIZED = YES;
				CLANG_CXX_LANGUAGE_STANDARD = "c++20";
				CLANG_CXX_LIBRARY = "libc++";
				CLANG_ENABLE_MODULES = YES;
				CLANG_ENABLE_OBJC_ARC = YES;
				CLANG_WARN_BLOCK_CAPTURE_AUTORELEASING = YES;
				CLANG_WARN_BOOL_CONVERSION = YES;
				CLANG_WARN_COMMA = YES;
				CLANG_WARN_CONSTANT_CONVERSION = YES;
				CLANG_WARN_DEPRECATED_OBJC_IMPLEMENTATIONS = YES;
				CLANG_WARN_DIRECT_OBJC_ISA_USAGE = YES_ERROR;
				CLANG_WARN_EMPTY_BODY = YES;
				CLANG_WARN_ENUM_CONVERSION = YES;
				CLANG_WARN_INFINITE_RECURSION = YES;
				CLANG_WARN_INT_CONVERSION = YES;
				CLANG_WARN_NON_LITERAL_NULL_CONVERSION = YES;
				CLANG_WARN_OBJC_IMPLICIT_RETAIN_SELF = YES;
				CLANG_WARN_OBJC_LITERAL_CONVERSION = YES;
				CLANG_WARN_OBJC_ROOT_CLASS = YES_ERROR;
				CLANG_WARN_QUOTED_INCLUDE_IN_FRAMEWORK_HEADER = YES;
				CLANG_WARN_RANGE_LOOP_ANALYSIS = YES;
				CLANG_WARN_STRICT_PROTOTYPES = YES;
				CLANG_WARN_SUSPICIOUS_MOVE = YES;
				CLANG_WARN_UNREACHABLE_CODE = YES;
				CLANG_WARN__DUPLICATE_METHOD_MATCH = YES;
				"CODE_SIGN_IDENTITY[sdk=iphoneos*]" = "iPhone Developer";
				COPY_PHASE_STRIP = NO;
				ENABLE_STRICT_OBJC_MSGSEND = YES;
				ENABLE_TESTABILITY = YES;
				"EXCLUDED_ARCHS[sdk=iphonesimulator*]" = i386;
				GCC_C_LANGUAGE_STANDARD = gnu99;
				GCC_DYNAMIC_NO_PIC = NO;
				GCC_NO_COMMON_BLOCKS = YES;
				GCC_OPTIMIZATION_LEVEL = 0;
				GCC_PREPROCESSOR_DEFINITIONS = (
					"DEBUG=1",
					"$(inherited)",
				);
				GCC_SYMBOLS_PRIVATE_EXTERN = NO;
				GCC_WARN_64_TO_32_BIT_CONVERSION = YES;
				GCC_WARN_ABOUT_RETURN_TYPE = YES_ERROR;
				GCC_WARN_UNDECLARED_SELECTOR = YES;
				GCC_WARN_UNINITIALIZED_AUTOS = YES_AGGRESSIVE;
				GCC_WARN_UNUSED_FUNCTION = YES;
				GCC_WARN_UNUSED_VARIABLE = YES;
				IPHONEOS_DEPLOYMENT_TARGET = 13.4;
				LD_RUNPATH_SEARCH_PATHS = (
					/usr/lib/swift,
					"$(inherited)",
				);
				LIBRARY_SEARCH_PATHS = (
					"\"$(SDKROOT)/usr/lib/swift\"",
					"\"$(TOOLCHAIN_DIR)/usr/lib/swift/$(PLATFORM_NAME)\"",
					"\"$(inherited)\"",
				);
				MTL_ENABLE_DEBUG_INFO = YES;
				ONLY_ACTIVE_ARCH = YES;
				OTHER_CFLAGS = "$(inherited)";
				OTHER_CPLUSPLUSFLAGS = (
					"$(OTHER_CFLAGS)",
					"-DFOLLY_NO_CONFIG",
					"-DFOLLY_MOBILE=1",
					"-DFOLLY_USE_LIBCPP=1",
					"-DFOLLY_CFG_NO_COROUTINES=1",
				);
				OTHER_LDFLAGS = (
					"$(inherited)",
					"-Wl",
					"-ld_classic",
				);
				REACT_NATIVE_PATH = "${PODS_ROOT}/../../node_modules/react-native";
				SDKROOT = iphoneos;
				USE_HERMES = true;
			};
			name = Debug;
		};
		83CBBA211A601CBA00E9B192 /* Release */ = {
			isa = XCBuildConfiguration;
			buildSettings = {
				ALWAYS_SEARCH_USER_PATHS = NO;
				CLANG_ANALYZER_LOCALIZABILITY_NONLOCALIZED = YES;
				CLANG_CXX_LANGUAGE_STANDARD = "c++20";
				CLANG_CXX_LIBRARY = "libc++";
				CLANG_ENABLE_MODULES = YES;
				CLANG_ENABLE_OBJC_ARC = YES;
				CLANG_WARN_BLOCK_CAPTURE_AUTORELEASING = YES;
				CLANG_WARN_BOOL_CONVERSION = YES;
				CLANG_WARN_COMMA = YES;
				CLANG_WARN_CONSTANT_CONVERSION = YES;
				CLANG_WARN_DEPRECATED_OBJC_IMPLEMENTATIONS = YES;
				CLANG_WARN_DIRECT_OBJC_ISA_USAGE = YES_ERROR;
				CLANG_WARN_EMPTY_BODY = YES;
				CLANG_WARN_ENUM_CONVERSION = YES;
				CLANG_WARN_INFINITE_RECURSION = YES;
				CLANG_WARN_INT_CONVERSION = YES;
				CLANG_WARN_NON_LITERAL_NULL_CONVERSION = YES;
				CLANG_WARN_OBJC_IMPLICIT_RETAIN_SELF = YES;
				CLANG_WARN_OBJC_LITERAL_CONVERSION = YES;
				CLANG_WARN_OBJC_ROOT_CLASS = YES_ERROR;
				CLANG_WARN_QUOTED_INCLUDE_IN_FRAMEWORK_HEADER = YES;
				CLANG_WARN_RANGE_LOOP_ANALYSIS = YES;
				CLANG_WARN_STRICT_PROTOTYPES = YES;
				CLANG_WARN_SUSPICIOUS_MOVE = YES;
				CLANG_WARN_UNREACHABLE_CODE = YES;
				CLANG_WARN__DUPLICATE_METHOD_MATCH = YES;
				"CODE_SIGN_IDENTITY[sdk=iphoneos*]" = "iPhone Developer";
				COPY_PHASE_STRIP = YES;
				ENABLE_NS_ASSERTIONS = NO;
				ENABLE_STRICT_OBJC_MSGSEND = YES;
				"EXCLUDED_ARCHS[sdk=iphonesimulator*]" = i386;
				GCC_C_LANGUAGE_STANDARD = gnu99;
				GCC_NO_COMMON_BLOCKS = YES;
				GCC_WARN_64_TO_32_BIT_CONVERSION = YES;
				GCC_WARN_ABOUT_RETURN_TYPE = YES_ERROR;
				GCC_WARN_UNDECLARED_SELECTOR = YES;
				GCC_WARN_UNINITIALIZED_AUTOS = YES_AGGRESSIVE;
				GCC_WARN_UNUSED_FUNCTION = YES;
				GCC_WARN_UNUSED_VARIABLE = YES;
				IPHONEOS_DEPLOYMENT_TARGET = 13.4;
				LD_RUNPATH_SEARCH_PATHS = (
					/usr/lib/swift,
					"$(inherited)",
				);
				LIBRARY_SEARCH_PATHS = (
					"\"$(SDKROOT)/usr/lib/swift\"",
					"\"$(TOOLCHAIN_DIR)/usr/lib/swift/$(PLATFORM_NAME)\"",
					"\"$(inherited)\"",
				);
				MTL_ENABLE_DEBUG_INFO = NO;
				OTHER_CFLAGS = "$(inherited)";
				OTHER_CPLUSPLUSFLAGS = (
					"$(OTHER_CFLAGS)",
					"-DFOLLY_NO_CONFIG",
					"-DFOLLY_MOBILE=1",
					"-DFOLLY_USE_LIBCPP=1",
					"-DFOLLY_CFG_NO_COROUTINES=1",
				);
				OTHER_LDFLAGS = (
					"$(inherited)",
					"-Wl",
					"-ld_classic",
				);
				REACT_NATIVE_PATH = "${PODS_ROOT}/../../node_modules/react-native";
				SDKROOT = iphoneos;
				USE_HERMES = true;
				VALIDATE_PRODUCT = YES;
			};
			name = Release;
		};
/* End XCBuildConfiguration section */

/* Begin XCConfigurationList section */
		00E357021AD99517003FC87E /* Build configuration list for PBXNativeTarget "ChessOpeningTrainerTests" */ = {
			isa = XCConfigurationList;
			buildConfigurations = (
				00E356F61AD99517003FC87E /* Debug */,
				00E356F71AD99517003FC87E /* Release */,
			);
			defaultConfigurationIsVisible = 0;
			defaultConfigurationName = Release;
		};
		13B07F931A680F5B00A75B9A /* Build configuration list for PBXNativeTarget "ChessOpeningTrainer" */ = {
			isa = XCConfigurationList;
			buildConfigurations = (
				13B07F941A680F5B00A75B9A /* Debug */,
				13B07F951A680F5B00A75B9A /* Release */,
			);
			defaultConfigurationIsVisible = 0;
			defaultConfigurationName = Release;
		};
		83CBB9FA1A601CBA00E9B192 /* Build configuration list for PBXProject "ChessOpeningTrainer" */ = {
			isa = XCConfigurationList;
			buildConfigurations = (
				83CBBA201A601CBA00E9B192 /* Debug */,
				83CBBA211A601CBA00E9B192 /* Release */,
			);
			defaultConfigurationIsVisible = 0;
			defaultConfigurationName = Release;
		};
/* End XCConfigurationList section */
	};
	rootObject = 83CBB9F71A601CBA00E9B192 /* Project object */;
}
